// !$*UTF8*$!
{
	archiveVersion = 1;
	classes = {
	};
	objectVersion = 46;
	objects = {

/* Begin PBXBuildFile section */
		953FAD871D24C2C9005AE602 /* AppDelegate.swift in Sources */ = {isa = PBXBuildFile; fileRef = 953FAD861D24C2C9005AE602 /* AppDelegate.swift */; };
		953FAD891D24C2C9005AE602 /* ViewController.swift in Sources */ = {isa = PBXBuildFile; fileRef = 953FAD881D24C2C9005AE602 /* ViewController.swift */; };
		953FAD8C1D24C2C9005AE602 /* Main.storyboard in Resources */ = {isa = PBXBuildFile; fileRef = 953FAD8A1D24C2C9005AE602 /* Main.storyboard */; };
		953FAD8E1D24C2C9005AE602 /* Assets.xcassets in Resources */ = {isa = PBXBuildFile; fileRef = 953FAD8D1D24C2C9005AE602 /* Assets.xcassets */; };
		953FAD911D24C2CA005AE602 /* LaunchScreen.storyboard in Resources */ = {isa = PBXBuildFile; fileRef = 953FAD8F1D24C2C9005AE602 /* LaunchScreen.storyboard */; };
		953FADA11D254D56005AE602 /* OutcomeViewController.swift in Sources */ = {isa = PBXBuildFile; fileRef = 953FADA01D254D56005AE602 /* OutcomeViewController.swift */; };
/* End PBXBuildFile section */

/* Begin PBXFileReference section */
		953FAD831D24C2C9005AE602 /* rock_paper_scissors.app */ = {isa = PBXFileReference; explicitFileType = wrapper.application; includeInIndex = 0; path = rock_paper_scissors.app; sourceTree = BUILT_PRODUCTS_DIR; };
		953FAD861D24C2C9005AE602 /* AppDelegate.swift */ = {isa = PBXFileReference; lastKnownFileType = sourcecode.swift; path = AppDelegate.swift; sourceTree = "<group>"; };
		953FAD881D24C2C9005AE602 /* ViewController.swift */ = {isa = PBXFileReference; lastKnownFileType = sourcecode.swift; path = ViewController.swift; sourceTree = "<group>"; };
		953FAD8B1D24C2C9005AE602 /* Base */ = {isa = PBXFileReference; lastKnownFileType = file.storyboard; name = Base; path = Base.lproj/Main.storyboard; sourceTree = "<group>"; };
		953FAD8D1D24C2C9005AE602 /* Assets.xcassets */ = {isa = PBXFileReference; lastKnownFileType = folder.assetcatalog; path = Assets.xcassets; sourceTree = "<group>"; };
		953FAD901D24C2CA005AE602 /* Base */ = {isa = PBXFileReference; lastKnownFileType = file.storyboard; name = Base; path = Base.lproj/LaunchScreen.storyboard; sourceTree = "<group>"; };
		953FAD921D24C2CA005AE602 /* Info.plist */ = {isa = PBXFileReference; lastKnownFileType = text.plist.xml; path = Info.plist; sourceTree = "<group>"; };
		953FADA01D254D56005AE602 /* OutcomeViewController.swift */ = {isa = PBXFileReference; fileEncoding = 4; lastKnownFileType = sourcecode.swift; path = OutcomeViewController.swift; sourceTree = "<group>"; };
/* End PBXFileReference section */

/* Begin PBXFrameworksBuildPhase section */
		953FAD801D24C2C9005AE602 /* Frameworks */ = {
			isa = PBXFrameworksBuildPhase;
			buildActionMask = 2147483647;
			files = (
			);
			runOnlyForDeploymentPostprocessing = 0;
		};
/* End PBXFrameworksBuildPhase section */

/* Begin PBXGroup section */
		953FAD7A1D24C2C9005AE602 = {
			isa = PBXGroup;
			children = (
				953FAD851D24C2C9005AE602 /* rock_paper_scissors */,
				953FAD841D24C2C9005AE602 /* Products */,
			);
			sourceTree = "<group>";
		};
		953FAD841D24C2C9005AE602 /* Products */ = {
			isa = PBXGroup;
			children = (
				953FAD831D24C2C9005AE602 /* rock_paper_scissors.app */,
			);
			name = Products;
			sourceTree = "<group>";
		};
		953FAD851D24C2C9005AE602 /* rock_paper_scissors */ = {
			isa = PBXGroup;
			children = (
				953FAD861D24C2C9005AE602 /* AppDelegate.swift */,
				953FAD881D24C2C9005AE602 /* ViewController.swift */,
				953FADA01D254D56005AE602 /* OutcomeViewController.swift */,
				953FAD8A1D24C2C9005AE602 /* Main.storyboard */,
				953FAD8D1D24C2C9005AE602 /* Assets.xcassets */,
				953FAD8F1D24C2C9005AE602 /* LaunchScreen.storyboard */,
				953FAD921D24C2CA005AE602 /* Info.plist */,
			);
			path = rock_paper_scissors;
			sourceTree = "<group>";
		};
/* End PBXGroup section */

/* Begin PBXNativeTarget section */
		953FAD821D24C2C9005AE602 /* rock_paper_scissors */ = {
			isa = PBXNativeTarget;
			buildConfigurationList = 953FAD951D24C2CA005AE602 /* Build configuration list for PBXNativeTarget "rock_paper_scissors" */;
			buildPhases = (
				953FAD7F1D24C2C9005AE602 /* Sources */,
				953FAD801D24C2C9005AE602 /* Frameworks */,
				953FAD811D24C2C9005AE602 /* Resources */,
			);
			buildRules = (
			);
			dependencies = (
			);
			name = rock_paper_scissors;
			productName = rock_paper_scissors;
			productReference = 953FAD831D24C2C9005AE602 /* rock_paper_scissors.app */;
			productType = "com.apple.product-type.application";
		};
/* End PBXNativeTarget section */

/* Begin PBXProject section */
		953FAD7B1D24C2C9005AE602 /* Project object */ = {
			isa = PBXProject;
			attributes = {
				LastSwiftUpdateCheck = 0730;
				LastUpgradeCheck = 0730;
				ORGANIZATIONNAME = "Anna Rogers";
				TargetAttributes = {
					953FAD821D24C2C9005AE602 = {
						CreatedOnToolsVersion = 7.3.1;
					};
				};
			};
			buildConfigurationList = 953FAD7E1D24C2C9005AE602 /* Build configuration list for PBXProject "rock_paper_scissors" */;
			compatibilityVersion = "Xcode 3.2";
			developmentRegion = English;
			hasScannedForEncodings = 0;
			knownRegions = (
				en,
				Base,
			);
			mainGroup = 953FAD7A1D24C2C9005AE602;
			productRefGroup = 953FAD841D24C2C9005AE602 /* Products */;
			projectDirPath = "";
			projectRoot = "";
			targets = (
				953FAD821D24C2C9005AE602 /* rock_paper_scissors */,
			);
		};
/* End PBXProject section */

/* Begin PBXResourcesBuildPhase section */
		953FAD811D24C2C9005AE602 /* Resources */ = {
			isa = PBXResourcesBuildPhase;
			buildActionMask = 2147483647;
			files = (
				953FAD911D24C2CA005AE602 /* LaunchScreen.storyboard in Resources */,
				953FAD8E1D24C2C9005AE602 /* Assets.xcassets in Resources */,
				953FAD8C1D24C2C9005AE602 /* Main.storyboard in Resources */,
			);
			runOnlyForDeploymentPostprocessing = 0;
		};
/* End PBXResourcesBuildPhase section */

/* Begin PBXSourcesBuildPhase section */
		953FAD7F1D24C2C9005AE602 /* Sources */ = {
			isa = PBXSourcesBuildPhase;
			buildActionMask = 2147483647;
			files = (
				953FADA11D254D56005AE602 /* OutcomeViewController.swift in Sources */,
				953FAD891D24C2C9005AE602 /* ViewController.swift in Sources */,
				953FAD871D24C2C9005AE602 /* AppDelegate.swift in Sources */,
			);
			runOnlyForDeploymentPostprocessing = 0;
		};
/* End PBXSourcesBuildPhase section */

/* Begin PBXVariantGroup section */
		953FAD8A1D24C2C9005AE602 /* Main.storyboard */ = {
			isa = PBXVariantGroup;
			children = (
				953FAD8B1D24C2C9005AE602 /* Base */,
			);
			name = Main.storyboard;
			sourceTree = "<group>";
		};
		953FAD8F1D24C2C9005AE602 /* LaunchScreen.storyboard */ = {
			isa = PBXVariantGroup;
			children = (
				953FAD901D24C2CA005AE602 /* Base */,
			);
			name = LaunchScreen.storyboard;
			sourceTree = "<group>";
		};
/* End PBXVariantGroup section */

/* Begin XCBuildConfiguration section */
		953FAD931D24C2CA005AE602 /* Debug */ = {
			isa = XCBuildConfiguration;
			buildSettings = {
				ALWAYS_SEARCH_USER_PATHS = NO;
				CLANG_ANALYZER_NONNULL = YES;
				CLANG_CXX_LANGUAGE_STANDARD = "gnu++0x";
				CLANG_CXX_LIBRARY = "libc++";
				CLANG_ENABLE_MODULES = YES;
				CLANG_ENABLE_OBJC_ARC = YES;
				CLANG_WARN_BOOL_CONVERSION = YES;
				CLANG_WARN_CONSTANT_CONVERSION = YES;
				CLANG_WARN_DIRECT_OBJC_ISA_USAGE = YES_ERROR;
				CLANG_WARN_EMPTY_BODY = YES;
				CLANG_WARN_ENUM_CONVERSION = YES;
				CLANG_WARN_INT_CONVERSION = YES;
				CLANG_WARN_OBJC_ROOT_CLASS = YES_ERROR;
				CLANG_WARN_UNREACHABLE_CODE = YES;
				CLANG_WARN__DUPLICATE_METHOD_MATCH = YES;
				"CODE_SIGN_IDENTITY[sdk=iphoneos*]" = "iPhone Developer";
				COPY_PHASE_STRIP = NO;
				DEBUG_INFORMATION_FORMAT = dwarf;
				ENABLE_STRICT_OBJC_MSGSEND = YES;
				ENABLE_TESTABILITY = YES;
				GCC_C_LANGUAGE_STANDARD = gnu99;
				GCC_DYNAMIC_NO_PIC = NO;
				GCC_NO_COMMON_BLOCKS = YES;
				GCC_OPTIMIZATION_LEVEL = 0;
				GCC_PREPROCESSOR_DEFINITIONS = (
					"DEBUG=1",
					"$(inherited)",
				);
				GCC_WARN_64_TO_32_BIT_CONVERSION = YES;
				GCC_WARN_ABOUT_RETURN_TYPE = YES_ERROR;
				GCC_WARN_UNDECLARED_SELECTOR = YES;
				GCC_WARN_UNINITIALIZED_AUTOS = YES_AGGRESSIVE;
				GCC_WARN_UNUSED_FUNCTION = YES;
				GCC_WARN_UNUSED_VARIABLE = YES;
				IPHONEOS_DEPLOYMENT_TARGET = 9.3;
				MTL_ENABLE_DEBUG_INFO = YES;
				ONLY_ACTIVE_ARCH = YES;
				SDKROOT = iphoneos;
				SWIFT_OPTIMIZATION_LEVEL = "-Onone";
				TARGETED_DEVICE_FAMILY = "1,2";
			};
			name = Debug;
		};
		953FAD941D24C2CA005AE602 /* Release */ = {
			isa = XCBuildConfiguration;
			buildSettings = {
				ALWAYS_SEARCH_USER_PATHS = NO;
				CLANG_ANALYZER_NONNULL = YES;
				CLANG_CXX_LANGUAGE_STANDARD = "gnu++0x";
				CLANG_CXX_LIBRARY = "libc++";
				CLANG_ENABLE_MODULES = YES;
				CLANG_ENABLE_OBJC_ARC = YES;
				CLANG_WARN_BOOL_CONVERSION = YES;
				CLANG_WARN_CONSTANT_CONVERSION = YES;
				CLANG_WARN_DIRECT_OBJC_ISA_USAGE = YES_ERROR;
				CLANG_WARN_EMPTY_BODY = YES;
				CLANG_WARN_ENUM_CONVERSION = YES;
				CLANG_WARN_INT_CONVERSION = YES;
				CLANG_WARN_OBJC_ROOT_CLASS = YES_ERROR;
				CLANG_WARN_UNREACHABLE_CODE = YES;
				CLANG_WARN__DUPLICATE_METHOD_MATCH = YES;
				"CODE_SIGN_IDENTITY[sdk=iphoneos*]" = "iPhone Developer";
				COPY_PHASE_STRIP = NO;
				DEBUG_INFORMATION_FORMAT = "dwarf-with-dsym";
				ENABLE_NS_ASSERTIONS = NO;
				ENABLE_STRICT_OBJC_MSGSEND = YES;
				GCC_C_LANGUAGE_STANDARD = gnu99;
				GCC_NO_COMMON_BLOCKS = YES;
				GCC_WARN_64_TO_32_BIT_CONVERSION = YES;
				GCC_WARN_ABOUT_RETURN_TYPE = YES_ERROR;
				GCC_WARN_UNDECLARED_SELECTOR = YES;
				GCC_WARN_UNINITIALIZED_AUTOS = YES_AGGRESSIVE;
				GCC_WARN_UNUSED_FUNCTION = YES;
				GCC_WARN_UNUSED_VARIABLE = YES;
				IPHONEOS_DEPLOYMENT_TARGET = 9.3;
				MTL_ENABLE_DEBUG_INFO = NO;
				SDKROOT = iphoneos;
				TARGETED_DEVICE_FAMILY = "1,2";
				VALIDATE_PRODUCT = YES;
			};
			name = Release;
		};
		953FAD961D24C2CA005AE602 /* Debug */ = {
			isa = XCBuildConfiguration;
			buildSettings = {
				ASSETCATALOG_COMPILER_APPICON_NAME = AppIcon;
				INFOPLIST_FILE = rock_paper_scissors/Info.plist;
				LD_RUNPATH_SEARCH_PATHS = "$(inherited) @executable_path/Frameworks";
				PRODUCT_BUNDLE_IDENTIFIER = "udacity-course.rock-paper-scissors";
				PRODUCT_NAME = "$(TARGET_NAME)";
			};
			name = Debug;
		};
		953FAD971D24C2CA005AE602 /* Release */ = {
			isa = XCBuildConfiguration;
			buildSettings = {
				ASSETCATALOG_COMPILER_APPICON_NAME = AppIcon;
				INFOPLIST_FILE = rock_paper_scissors/Info.plist;
				LD_RUNPATH_SEARCH_PATHS = "$(inherited) @executable_path/Frameworks";
				PRODUCT_BUNDLE_IDENTIFIER = "udacity-course.rock-paper-scissors";
				PRODUCT_NAME = "$(TARGET_NAME)";
			};
			name = Release;
		};
/* End XCBuildConfiguration section */

/* Begin XCConfigurationList section */
		953FAD7E1D24C2C9005AE602 /* Build configuration list for PBXProject "rock_paper_scissors" */ = {
			isa = XCConfigurationList;
			buildConfigurations = (
				953FAD931D24C2CA005AE602 /* Debug */,
				953FAD941D24C2CA005AE602 /* Release */,
			);
			defaultConfigurationIsVisible = 0;
			defaultConfigurationName = Release;
		};
		953FAD951D24C2CA005AE602 /* Build configuration list for PBXNativeTarget "rock_paper_scissors" */ = {
			isa = XCConfigurationList;
			buildConfigurations = (
				953FAD961D24C2CA005AE602 /* Debug */,
				953FAD971D24C2CA005AE602 /* Release */,
			);
			defaultConfigurationIsVisible = 0;
			defaultConfigurationName = Release;
		};
/* End XCConfigurationList section */
	};
	rootObject = 953FAD7B1D24C2C9005AE602 /* Project object */;
}
